
Microsoft Visual Studio Solution File, Format Version 12.00
# Visual Studio Version 17
VisualStudioVersion = 17.10.34916.146
MinimumVisualStudioVersion = 10.0.40219.1
Project("{9A19103F-16F7-4668-BE54-9A1E7A4F7556}") = "ConsoleAppStarter", "ConsoleAppStarter\ConsoleAppStarter.csproj", "{29DE4653-1D3A-43BE-9690-6459BCAD2DB7}"
EndProject
Project("{9A19103F-16F7-4668-BE54-9A1E7A4F7556}") = "ConsoleAppStarter.Data", "ConsoleAppStarter.Data\ConsoleAppStarter.Data.csproj", "{723105E8-E3E7-4EC2-8AB4-4FF39768ABD4}"
EndProject
Global
	GlobalSection(SolutionConfigurationPlatforms) = preSolution
		Debug|Any CPU = Debug|Any CPU
		Release|Any CPU = Release|Any CPU
	EndGlobalSection
	GlobalSection(ProjectConfigurationPlatforms) = postSolution
		{29DE4653-1D3A-43BE-9690-6459BCAD2DB7}.Debug|Any CPU.ActiveCfg = Debug|Any CPU
		{29DE4653-1D3A-43BE-9690-6459BCAD2DB7}.Debug|Any CPU.Build.0 = Debug|Any CPU
		{29DE4653-1D3A-43BE-9690-6459BCAD2DB7}.Release|Any CPU.ActiveCfg = Release|Any CPU
		{29DE4653-1D3A-43BE-9690-6459BCAD2DB7}.Release|Any CPU.Build.0 = Release|Any CPU
		{723105E8-E3E7-4EC2-8AB4-4FF39768ABD4}.Debug|Any CPU.ActiveCfg = Debug|Any CPU
		{723105E8-E3E7-4EC2-8AB4-4FF39768ABD4}.Debug|Any CPU.Build.0 = Debug|Any CPU
		{723105E8-E3E7-4EC2-8AB4-4FF39768ABD4}.Release|Any CPU.ActiveCfg = Release|Any CPU
		{723105E8-E3E7-4EC2-8AB4-4FF39768ABD4}.Release|Any CPU.Build.0 = Release|Any CPU
	EndGlobalSection
	GlobalSection(SolutionProperties) = preSolution
		HideSolutionNode = FALSE
	EndGlobalSection
	GlobalSection(ExtensibilityGlobals) = postSolution
		SolutionGuid = {B86EED7E-BA0B-4749-BD6F-106B3F7BC9CC}
	EndGlobalSection
EndGlobal
